Microsoft Visual Studio Solution File, Format Version 12.00
# Visual Studio Version 17
VisualStudioVersion = 17.5.33530.505
MinimumVisualStudioVersion = 10.0.40219.1
Project("{FAE04EC0-301F-11D3-BF4B-00C04F79EFBC}") = "RegistryUtils", "..\RegistryMonitor\RegistryUtils.csproj", "{EA74FE0C-2CE0-41E8-9A36-0773F9313660}"
EndProject
Project("{FAE04EC0-301F-11D3-BF4B-00C04F79EFBC}") = "WebCamMicMonitor", "WebCamMicMonitor.csproj", "{AEE3982F-56E2-4B72-A9A8-E0CA64D1ABFC}"
EndProject
Global
	GlobalSection(SolutionConfigurationPlatforms) = preSolution
		Debug|Any CPU = Debug|Any CPU
		Release|Any CPU = Release|Any CPU
	EndGlobalSection
	GlobalSection(ProjectConfigurationPlatforms) = postSolution
		{EA74FE0C-2CE0-41E8-9A36-0773F9313660}.Debug|Any CPU.ActiveCfg = Debug|Any CPU
		{EA74FE0C-2CE0-41E8-9A36-0773F9313660}.Debug|Any CPU.Build.0 = Debug|Any CPU
		{EA74FE0C-2CE0-41E8-9A36-0773F9313660}.Release|Any CPU.ActiveCfg = Release|Any CPU
		{EA74FE0C-2CE0-41E8-9A36-0773F9313660}.Release|Any CPU.Build.0 = Release|Any CPU
		{AEE3982F-56E2-4B72-A9A8-E0CA64D1ABFC}.Debug|Any CPU.ActiveCfg = Debug|Any CPU
		{AEE3982F-56E2-4B72-A9A8-E0CA64D1ABFC}.Debug|Any CPU.Build.0 = Debug|Any CPU
		{AEE3982F-56E2-4B72-A9A8-E0CA64D1ABFC}.Release|Any CPU.ActiveCfg = Release|Any CPU
		{AEE3982F-56E2-4B72-A9A8-E0CA64D1ABFC}.Release|Any CPU.Build.0 = Release|Any CPU
	EndGlobalSection
	GlobalSection(SolutionProperties) = preSolution
		HideSolutionNode = FALSE
	EndGlobalSection
	GlobalSection(ExtensibilityGlobals) = postSolution
		SolutionGuid = {182E99A0-24D2-4AD5-92EF-6EAE054163A2}
	EndGlobalSection
EndGlobal
